Microsoft Visual Studio Solution File, Format Version 11.00
# Visual Studio 2008

Project("{92EB5FFE-E6AE-2FEC-3AD7-1C777531578F}") = "b", "Assembly-CSharp-vs.csproj", "{99E6089B-55A2-E677-5D00-28BF681F8B85}"
EndProject
Project("{92EB5FFE-E6AE-2FEC-3AD7-1C777531578F}") = "b", "Assembly-CSharp-Editor-vs.csproj", "{E168C739-E819-DC8F-670D-83DED34D54B3}"
EndProject
Global
	GlobalSection(SolutionConfigurationPlatforms) = preSolution
		Debug|Any CPU = Debug|Any CPU
		Release|Any CPU = Release|Any CPU
	EndGlobalSection
	GlobalSection(ProjectConfigurationPlatforms) = postSolution
		{99E6089B-55A2-E677-5D00-28BF681F8B85}.Debug|Any CPU.ActiveCfg = Debug|Any CPU
		{99E6089B-55A2-E677-5D00-28BF681F8B85}.Debug|Any CPU.Build.0 = Debug|Any CPU
		{99E6089B-55A2-E677-5D00-28BF681F8B85}.Release|Any CPU.ActiveCfg = Release|Any CPU
		{99E6089B-55A2-E677-5D00-28BF681F8B85}.Release|Any CPU.Build.0 = Release|Any CPU
		{E168C739-E819-DC8F-670D-83DED34D54B3}.Debug|Any CPU.ActiveCfg = Debug|Any CPU
		{E168C739-E819-DC8F-670D-83DED34D54B3}.Debug|Any CPU.Build.0 = Debug|Any CPU
		{E168C739-E819-DC8F-670D-83DED34D54B3}.Release|Any CPU.ActiveCfg = Release|Any CPU
		{E168C739-E819-DC8F-670D-83DED34D54B3}.Release|Any CPU.Build.0 = Release|Any CPU
	EndGlobalSection
	GlobalSection(SolutionProperties) = preSolution
		HideSolutionNode = FALSE
	EndGlobalSection
		GlobalSection(MonoDevelopProperties) = preSolution
		StartupItem = Assembly-CSharp.csproj
		Policies = $0
		$0.TextStylePolicy = $1
		$1.inheritsSet = null
		$1.scope = text/x-csharp
		$0.CSharpFormattingPolicy = $2
		$2.inheritsSet = Mono
		$2.inheritsScope = text/x-csharp
		$2.scope = text/x-csharp
		$0.TextStylePolicy = $3
		$3.FileWidth = 120
		$3.TabWidth = 4
		$3.IndentWidth = 4
		$3.EolMarker = Unix
		$3.inheritsSet = Mono
		$3.inheritsScope = text/plain
		$3.scope = text/plain
	EndGlobalSection

EndGlobal
